
Microsoft Visual Studio Solution File, Format Version 12.00
# Visual Studio Version 17
VisualStudioVersion = 17.1.32210.238
MinimumVisualStudioVersion = 10.0.40219.1
Project("{8BC9CEB8-8B4A-11D0-8D11-00A0C91BC942}") = "Project7", "Project7\Project7.vcxproj", "{90C7CA3E-EC0D-4E99-AF90-727873B5AFC3}"
EndProject
Global
	GlobalSection(SolutionConfigurationPlatforms) = preSolution
		Debug|x64 = Debug|x64
		Debug|x86 = Debug|x86
		Release|x64 = Release|x64
		Release|x86 = Release|x86
	EndGlobalSection
	GlobalSection(ProjectConfigurationPlatforms) = postSolution
		{90C7CA3E-EC0D-4E99-AF90-727873B5AFC3}.Debug|x64.ActiveCfg = Debug|x64
		{90C7CA3E-EC0D-4E99-AF90-727873B5AFC3}.Debug|x64.Build.0 = Debug|x64
		{90C7CA3E-EC0D-4E99-AF90-727873B5AFC3}.Debug|x86.ActiveCfg = Debug|Win32
		{90C7CA3E-EC0D-4E99-AF90-727873B5AFC3}.Debug|x86.Build.0 = Debug|Win32
		{90C7CA3E-EC0D-4E99-AF90-727873B5AFC3}.Release|x64.ActiveCfg = Release|x64
		{90C7CA3E-EC0D-4E99-AF90-727873B5AFC3}.Release|x64.Build.0 = Release|x64
		{90C7CA3E-EC0D-4E99-AF90-727873B5AFC3}.Release|x86.ActiveCfg = Release|Win32
		{90C7CA3E-EC0D-4E99-AF90-727873B5AFC3}.Release|x86.Build.0 = Release|Win32
	EndGlobalSection
	GlobalSection(SolutionProperties) = preSolution
		HideSolutionNode = FALSE
	EndGlobalSection
	GlobalSection(ExtensibilityGlobals) = postSolution
		SolutionGuid = {DD0F49B9-D4F2-46C9-AF0F-B742DBDF4452}
	EndGlobalSection
EndGlobal
