
Microsoft Visual Studio Solution File, Format Version 12.00
# Visual Studio Version 17
VisualStudioVersion = 17.1.32210.238
MinimumVisualStudioVersion = 10.0.40219.1
Project("{8BC9CEB8-8B4A-11D0-8D11-00A0C91BC942}") = "Project14", "Project14\Project14.vcxproj", "{CB583AEE-F746-47E7-8B76-02C3E3FB63CD}"
EndProject
Global
	GlobalSection(SolutionConfigurationPlatforms) = preSolution
		Debug|x64 = Debug|x64
		Debug|x86 = Debug|x86
		Release|x64 = Release|x64
		Release|x86 = Release|x86
	EndGlobalSection
	GlobalSection(ProjectConfigurationPlatforms) = postSolution
		{CB583AEE-F746-47E7-8B76-02C3E3FB63CD}.Debug|x64.ActiveCfg = Debug|x64
		{CB583AEE-F746-47E7-8B76-02C3E3FB63CD}.Debug|x64.Build.0 = Debug|x64
		{CB583AEE-F746-47E7-8B76-02C3E3FB63CD}.Debug|x86.ActiveCfg = Debug|Win32
		{CB583AEE-F746-47E7-8B76-02C3E3FB63CD}.Debug|x86.Build.0 = Debug|Win32
		{CB583AEE-F746-47E7-8B76-02C3E3FB63CD}.Release|x64.ActiveCfg = Release|x64
		{CB583AEE-F746-47E7-8B76-02C3E3FB63CD}.Release|x64.Build.0 = Release|x64
		{CB583AEE-F746-47E7-8B76-02C3E3FB63CD}.Release|x86.ActiveCfg = Release|Win32
		{CB583AEE-F746-47E7-8B76-02C3E3FB63CD}.Release|x86.Build.0 = Release|Win32
	EndGlobalSection
	GlobalSection(SolutionProperties) = preSolution
		HideSolutionNode = FALSE
	EndGlobalSection
	GlobalSection(ExtensibilityGlobals) = postSolution
		SolutionGuid = {77738178-8019-4DE1-86CD-E16619438F74}
	EndGlobalSection
EndGlobal
